// !$*UTF8*$!
{
	archiveVersion = 1;
	classes = {
	};
	objectVersion = 55;
	objects = {

/* Begin PBXBuildFile section */
		6066D90C28EC5EB900122792 /* MoreInfoViewController.swift in Sources */ = {isa = PBXBuildFile; fileRef = 6066D90B28EC5EB900122792 /* MoreInfoViewController.swift */; };
		60975C4C28E9D7F300241829 /* AppDelegate.swift in Sources */ = {isa = PBXBuildFile; fileRef = 60975C4B28E9D7F300241829 /* AppDelegate.swift */; };
		60975C4E28E9D7F300241829 /* SceneDelegate.swift in Sources */ = {isa = PBXBuildFile; fileRef = 60975C4D28E9D7F300241829 /* SceneDelegate.swift */; };
		60975C5028E9D7F300241829 /* LogInViewController.swift in Sources */ = {isa = PBXBuildFile; fileRef = 60975C4F28E9D7F300241829 /* LogInViewController.swift */; };
		60975C5328E9D7F300241829 /* Main.storyboard in Resources */ = {isa = PBXBuildFile; fileRef = 60975C5128E9D7F300241829 /* Main.storyboard */; };
		60975C5528E9D7F300241829 /* Assets.xcassets in Resources */ = {isa = PBXBuildFile; fileRef = 60975C5428E9D7F300241829 /* Assets.xcassets */; };
		60975C5828E9D7F300241829 /* LaunchScreen.storyboard in Resources */ = {isa = PBXBuildFile; fileRef = 60975C5628E9D7F300241829 /* LaunchScreen.storyboard */; };
		60975C6028EA9E2B00241829 /* LogOutViewController.swift in Sources */ = {isa = PBXBuildFile; fileRef = 60975C5F28EA9E2B00241829 /* LogOutViewController.swift */; };
		60A6DB8D28EC4064004CDF08 /* User.swift in Sources */ = {isa = PBXBuildFile; fileRef = 60A6DB8C28EC4064004CDF08 /* User.swift */; };
/* End PBXBuildFile section */

/* Begin PBXFileReference section */
		6066D90B28EC5EB900122792 /* MoreInfoViewController.swift */ = {isa = PBXFileReference; lastKnownFileType = sourcecode.swift; path = MoreInfoViewController.swift; sourceTree = "<group>"; };
		60975C4828E9D7F300241829 /* LogInApp.app */ = {isa = PBXFileReference; explicitFileType = wrapper.application; includeInIndex = 0; path = LogInApp.app; sourceTree = BUILT_PRODUCTS_DIR; };
		60975C4B28E9D7F300241829 /* AppDelegate.swift */ = {isa = PBXFileReference; lastKnownFileType = sourcecode.swift; path = AppDelegate.swift; sourceTree = "<group>"; };
		60975C4D28E9D7F300241829 /* SceneDelegate.swift */ = {isa = PBXFileReference; lastKnownFileType = sourcecode.swift; path = SceneDelegate.swift; sourceTree = "<group>"; };
		60975C4F28E9D7F300241829 /* LogInViewController.swift */ = {isa = PBXFileReference; lastKnownFileType = sourcecode.swift; path = LogInViewController.swift; sourceTree = "<group>"; };
		60975C5228E9D7F300241829 /* Base */ = {isa = PBXFileReference; lastKnownFileType = file.storyboard; name = Base; path = Base.lproj/Main.storyboard; sourceTree = "<group>"; };
		60975C5428E9D7F300241829 /* Assets.xcassets */ = {isa = PBXFileReference; lastKnownFileType = folder.assetcatalog; path = Assets.xcassets; sourceTree = "<group>"; };
		60975C5728E9D7F300241829 /* Base */ = {isa = PBXFileReference; lastKnownFileType = file.storyboard; name = Base; path = Base.lproj/LaunchScreen.storyboard; sourceTree = "<group>"; };
		60975C5928E9D7F300241829 /* Info.plist */ = {isa = PBXFileReference; lastKnownFileType = text.plist.xml; path = Info.plist; sourceTree = "<group>"; };
		60975C5F28EA9E2B00241829 /* LogOutViewController.swift */ = {isa = PBXFileReference; lastKnownFileType = sourcecode.swift; path = LogOutViewController.swift; sourceTree = "<group>"; };
		60A6DB8C28EC4064004CDF08 /* User.swift */ = {isa = PBXFileReference; lastKnownFileType = sourcecode.swift; path = User.swift; sourceTree = "<group>"; };
/* End PBXFileReference section */

/* Begin PBXFrameworksBuildPhase section */
		60975C4528E9D7F300241829 /* Frameworks */ = {
			isa = PBXFrameworksBuildPhase;
			buildActionMask = 2147483647;
			files = (
			);
			runOnlyForDeploymentPostprocessing = 0;
		};
/* End PBXFrameworksBuildPhase section */

/* Begin PBXGroup section */
		60975C3F28E9D7F300241829 = {
			isa = PBXGroup;
			children = (
				60975C4A28E9D7F300241829 /* LogInApp */,
				60975C4928E9D7F300241829 /* Products */,
			);
			sourceTree = "<group>";
		};
		60975C4928E9D7F300241829 /* Products */ = {
			isa = PBXGroup;
			children = (
				60975C4828E9D7F300241829 /* LogInApp.app */,
			);
			name = Products;
			sourceTree = "<group>";
		};
		60975C4A28E9D7F300241829 /* LogInApp */ = {
			isa = PBXGroup;
			children = (
				60A6DB8828EC3FA8004CDF08 /* ViewControllers */,
				60A6DB8928EC3FB6004CDF08 /* Storyboards */,
				60A6DB8E28EC4069004CDF08 /* Models */,
				60A6DB8A28EC3FC7004CDF08 /* MediaFiles */,
				60A6DB8B28EC3FD6004CDF08 /* SupportFiles */,
			);
			path = LogInApp;
			sourceTree = "<group>";
		};
		60A6DB8828EC3FA8004CDF08 /* ViewControllers */ = {
			isa = PBXGroup;
			children = (
				60975C4F28E9D7F300241829 /* LogInViewController.swift */,
				60975C5F28EA9E2B00241829 /* LogOutViewController.swift */,
				6066D90B28EC5EB900122792 /* MoreInfoViewController.swift */,
			);
			path = ViewControllers;
			sourceTree = "<group>";
		};
		60A6DB8928EC3FB6004CDF08 /* Storyboards */ = {
			isa = PBXGroup;
			children = (
				60975C5128E9D7F300241829 /* Main.storyboard */,
				60975C5628E9D7F300241829 /* LaunchScreen.storyboard */,
			);
			path = Storyboards;
			sourceTree = "<group>";
		};
		60A6DB8A28EC3FC7004CDF08 /* MediaFiles */ = {
			isa = PBXGroup;
			children = (
				60975C5428E9D7F300241829 /* Assets.xcassets */,
			);
			path = MediaFiles;
			sourceTree = "<group>";
		};
		60A6DB8B28EC3FD6004CDF08 /* SupportFiles */ = {
			isa = PBXGroup;
			children = (
				60975C4B28E9D7F300241829 /* AppDelegate.swift */,
				60975C4D28E9D7F300241829 /* SceneDelegate.swift */,
				60975C5928E9D7F300241829 /* Info.plist */,
			);
			path = SupportFiles;
			sourceTree = "<group>";
		};
		60A6DB8E28EC4069004CDF08 /* Models */ = {
			isa = PBXGroup;
			children = (
				60A6DB8C28EC4064004CDF08 /* User.swift */,
			);
			path = Models;
			sourceTree = "<group>";
		};
/* End PBXGroup section */

/* Begin PBXNativeTarget section */
		60975C4728E9D7F300241829 /* LogInApp */ = {
			isa = PBXNativeTarget;
			buildConfigurationList = 60975C5C28E9D7F300241829 /* Build configuration list for PBXNativeTarget "LogInApp" */;
			buildPhases = (
				60975C4428E9D7F300241829 /* Sources */,
				60975C4528E9D7F300241829 /* Frameworks */,
				60975C4628E9D7F300241829 /* Resources */,
			);
			buildRules = (
			);
			dependencies = (
			);
			name = LogInApp;
			productName = LogInApp;
			productReference = 60975C4828E9D7F300241829 /* LogInApp.app */;
			productType = "com.apple.product-type.application";
		};
/* End PBXNativeTarget section */

/* Begin PBXProject section */
		60975C4028E9D7F300241829 /* Project object */ = {
			isa = PBXProject;
			attributes = {
				BuildIndependentTargetsInParallel = 1;
				LastSwiftUpdateCheck = 1340;
				LastUpgradeCheck = 1340;
				TargetAttributes = {
					60975C4728E9D7F300241829 = {
						CreatedOnToolsVersion = 13.4.1;
					};
				};
			};
			buildConfigurationList = 60975C4328E9D7F300241829 /* Build configuration list for PBXProject "LogInApp" */;
			compatibilityVersion = "Xcode 13.0";
			developmentRegion = en;
			hasScannedForEncodings = 0;
			knownRegions = (
				en,
				Base,
			);
			mainGroup = 60975C3F28E9D7F300241829;
			productRefGroup = 60975C4928E9D7F300241829 /* Products */;
			projectDirPath = "";
			projectRoot = "";
			targets = (
				60975C4728E9D7F300241829 /* LogInApp */,
			);
		};
/* End PBXProject section */

/* Begin PBXResourcesBuildPhase section */
		60975C4628E9D7F300241829 /* Resources */ = {
			isa = PBXResourcesBuildPhase;
			buildActionMask = 2147483647;
			files = (
				60975C5828E9D7F300241829 /* LaunchScreen.storyboard in Resources */,
				60975C5528E9D7F300241829 /* Assets.xcassets in Resources */,
				60975C5328E9D7F300241829 /* Main.storyboard in Resources */,
			);
			runOnlyForDeploymentPostprocessing = 0;
		};
/* End PBXResourcesBuildPhase section */

/* Begin PBXSourcesBuildPhase section */
		60975C4428E9D7F300241829 /* Sources */ = {
			isa = PBXSourcesBuildPhase;
			buildActionMask = 2147483647;
			files = (
				60A6DB8D28EC4064004CDF08 /* User.swift in Sources */,
				60975C5028E9D7F300241829 /* LogInViewController.swift in Sources */,
				60975C4C28E9D7F300241829 /* AppDelegate.swift in Sources */,
				6066D90C28EC5EB900122792 /* MoreInfoViewController.swift in Sources */,
				60975C6028EA9E2B00241829 /* LogOutViewController.swift in Sources */,
				60975C4E28E9D7F300241829 /* SceneDelegate.swift in Sources */,
			);
			runOnlyForDeploymentPostprocessing = 0;
		};
/* End PBXSourcesBuildPhase section */

/* Begin PBXVariantGroup section */
		60975C5128E9D7F300241829 /* Main.storyboard */ = {
			isa = PBXVariantGroup;
			children = (
				60975C5228E9D7F300241829 /* Base */,
			);
			name = Main.storyboard;
			sourceTree = "<group>";
		};
		60975C5628E9D7F300241829 /* LaunchScreen.storyboard */ = {
			isa = PBXVariantGroup;
			children = (
				60975C5728E9D7F300241829 /* Base */,
			);
			name = LaunchScreen.storyboard;
			sourceTree = "<group>";
		};
/* End PBXVariantGroup section */

/* Begin XCBuildConfiguration section */
		60975C5A28E9D7F300241829 /* Debug */ = {
			isa = XCBuildConfiguration;
			buildSettings = {
				ALWAYS_SEARCH_USER_PATHS = NO;
				CLANG_ANALYZER_NONNULL = YES;
				CLANG_ANALYZER_NUMBER_OBJECT_CONVERSION = YES_AGGRESSIVE;
				CLANG_CXX_LANGUAGE_STANDARD = "gnu++17";
				CLANG_ENABLE_MODULES = YES;
				CLANG_ENABLE_OBJC_ARC = YES;
				CLANG_ENABLE_OBJC_WEAK = YES;
				CLANG_WARN_BLOCK_CAPTURE_AUTORELEASING = YES;
				CLANG_WARN_BOOL_CONVERSION = YES;
				CLANG_WARN_COMMA = YES;
				CLANG_WARN_CONSTANT_CONVERSION = YES;
				CLANG_WARN_DEPRECATED_OBJC_IMPLEMENTATIONS = YES;
				CLANG_WARN_DIRECT_OBJC_ISA_USAGE = YES_ERROR;
				CLANG_WARN_DOCUMENTATION_COMMENTS = YES;
				CLANG_WARN_EMPTY_BODY = YES;
				CLANG_WARN_ENUM_CONVERSION = YES;
				CLANG_WARN_INFINITE_RECURSION = YES;
				CLANG_WARN_INT_CONVERSION = YES;
				CLANG_WARN_NON_LITERAL_NULL_CONVERSION = YES;
				CLANG_WARN_OBJC_IMPLICIT_RETAIN_SELF = YES;
				CLANG_WARN_OBJC_LITERAL_CONVERSION = YES;
				CLANG_WARN_OBJC_ROOT_CLASS = YES_ERROR;
				CLANG_WARN_QUOTED_INCLUDE_IN_FRAMEWORK_HEADER = YES;
				CLANG_WARN_RANGE_LOOP_ANALYSIS = YES;
				CLANG_WARN_STRICT_PROTOTYPES = YES;
				CLANG_WARN_SUSPICIOUS_MOVE = YES;
				CLANG_WARN_UNGUARDED_AVAILABILITY = YES_AGGRESSIVE;
				CLANG_WARN_UNREACHABLE_CODE = YES;
				CLANG_WARN__DUPLICATE_METHOD_MATCH = YES;
				COPY_PHASE_STRIP = NO;
				DEBUG_INFORMATION_FORMAT = dwarf;
				ENABLE_STRICT_OBJC_MSGSEND = YES;
				ENABLE_TESTABILITY = YES;
				GCC_C_LANGUAGE_STANDARD = gnu11;
				GCC_DYNAMIC_NO_PIC = NO;
				GCC_NO_COMMON_BLOCKS = YES;
				GCC_OPTIMIZATION_LEVEL = 0;
				GCC_PREPROCESSOR_DEFINITIONS = (
					"DEBUG=1",
					"$(inherited)",
				);
				GCC_WARN_64_TO_32_BIT_CONVERSION = YES;
				GCC_WARN_ABOUT_RETURN_TYPE = YES_ERROR;
				GCC_WARN_UNDECLARED_SELECTOR = YES;
				GCC_WARN_UNINITIALIZED_AUTOS = YES_AGGRESSIVE;
				GCC_WARN_UNUSED_FUNCTION = YES;
				GCC_WARN_UNUSED_VARIABLE = YES;
				IPHONEOS_DEPLOYMENT_TARGET = 15.5;
				MTL_ENABLE_DEBUG_INFO = INCLUDE_SOURCE;
				MTL_FAST_MATH = YES;
				ONLY_ACTIVE_ARCH = YES;
				SDKROOT = iphoneos;
				SWIFT_ACTIVE_COMPILATION_CONDITIONS = DEBUG;
				SWIFT_OPTIMIZATION_LEVEL = "-Onone";
			};
			name = Debug;
		};
		60975C5B28E9D7F300241829 /* Release */ = {
			isa = XCBuildConfiguration;
			buildSettings = {
				ALWAYS_SEARCH_USER_PATHS = NO;
				CLANG_ANALYZER_NONNULL = YES;
				CLANG_ANALYZER_NUMBER_OBJECT_CONVERSION = YES_AGGRESSIVE;
				CLANG_CXX_LANGUAGE_STANDARD = "gnu++17";
				CLANG_ENABLE_MODULES = YES;
				CLANG_ENABLE_OBJC_ARC = YES;
				CLANG_ENABLE_OBJC_WEAK = YES;
				CLANG_WARN_BLOCK_CAPTURE_AUTORELEASING = YES;
				CLANG_WARN_BOOL_CONVERSION = YES;
				CLANG_WARN_COMMA = YES;
				CLANG_WARN_CONSTANT_CONVERSION = YES;
				CLANG_WARN_DEPRECATED_OBJC_IMPLEMENTATIONS = YES;
				CLANG_WARN_DIRECT_OBJC_ISA_USAGE = YES_ERROR;
				CLANG_WARN_DOCUMENTATION_COMMENTS = YES;
				CLANG_WARN_EMPTY_BODY = YES;
				CLANG_WARN_ENUM_CONVERSION = YES;
				CLANG_WARN_INFINITE_RECURSION = YES;
				CLANG_WARN_INT_CONVERSION = YES;
				CLANG_WARN_NON_LITERAL_NULL_CONVERSION = YES;
				CLANG_WARN_OBJC_IMPLICIT_RETAIN_SELF = YES;
				CLANG_WARN_OBJC_LITERAL_CONVERSION = YES;
				CLANG_WARN_OBJC_ROOT_CLASS = YES_ERROR;
				CLANG_WARN_QUOTED_INCLUDE_IN_FRAMEWORK_HEADER = YES;
				CLANG_WARN_RANGE_LOOP_ANALYSIS = YES;
				CLANG_WARN_STRICT_PROTOTYPES = YES;
				CLANG_WARN_SUSPICIOUS_MOVE = YES;
				CLANG_WARN_UNGUARDED_AVAILABILITY = YES_AGGRESSIVE;
				CLANG_WARN_UNREACHABLE_CODE = YES;
				CLANG_WARN__DUPLICATE_METHOD_MATCH = YES;
				COPY_PHASE_STRIP = NO;
				DEBUG_INFORMATION_FORMAT = "dwarf-with-dsym";
				ENABLE_NS_ASSERTIONS = NO;
				ENABLE_STRICT_OBJC_MSGSEND = YES;
				GCC_C_LANGUAGE_STANDARD = gnu11;
				GCC_NO_COMMON_BLOCKS = YES;
				GCC_WARN_64_TO_32_BIT_CONVERSION = YES;
				GCC_WARN_ABOUT_RETURN_TYPE = YES_ERROR;
				GCC_WARN_UNDECLARED_SELECTOR = YES;
				GCC_WARN_UNINITIALIZED_AUTOS = YES_AGGRESSIVE;
				GCC_WARN_UNUSED_FUNCTION = YES;
				GCC_WARN_UNUSED_VARIABLE = YES;
				IPHONEOS_DEPLOYMENT_TARGET = 15.5;
				MTL_ENABLE_DEBUG_INFO = NO;
				MTL_FAST_MATH = YES;
				SDKROOT = iphoneos;
				SWIFT_COMPILATION_MODE = wholemodule;
				SWIFT_OPTIMIZATION_LEVEL = "-O";
				VALIDATE_PRODUCT = YES;
			};
			name = Release;
		};
		60975C5D28E9D7F300241829 /* Debug */ = {
			isa = XCBuildConfiguration;
			buildSettings = {
				ASSETCATALOG_COMPILER_APPICON_NAME = AppIcon;
				ASSETCATALOG_COMPILER_GLOBAL_ACCENT_COLOR_NAME = AccentColor;
				CODE_SIGN_STYLE = Automatic;
				CURRENT_PROJECT_VERSION = 1;
				DEVELOPMENT_TEAM = 35FRDMCSG6;
				GENERATE_INFOPLIST_FILE = YES;
				INFOPLIST_FILE = LogInApp/SupportFiles/Info.plist;
				INFOPLIST_KEY_UIApplicationSupportsIndirectInputEvents = YES;
				INFOPLIST_KEY_UILaunchStoryboardName = LaunchScreen;
				INFOPLIST_KEY_UIMainStoryboardFile = Main;
				INFOPLIST_KEY_UISupportedInterfaceOrientations_iPad = "UIInterfaceOrientationPortrait UIInterfaceOrientationPortraitUpsideDown UIInterfaceOrientationLandscapeLeft UIInterfaceOrientationLandscapeRight";
				INFOPLIST_KEY_UISupportedInterfaceOrientations_iPhone = "UIInterfaceOrientationPortrait UIInterfaceOrientationLandscapeLeft UIInterfaceOrientationLandscapeRight";
				LD_RUNPATH_SEARCH_PATHS = (
					"$(inherited)",
					"@executable_path/Frameworks",
				);
				MARKETING_VERSION = 1.0;
				PRODUCT_BUNDLE_IDENTIFIER = nikolay.khristolyubov.LogInApp;
				PRODUCT_NAME = "$(TARGET_NAME)";
				SWIFT_EMIT_LOC_STRINGS = YES;
				SWIFT_VERSION = 5.0;
				TARGETED_DEVICE_FAMILY = 1;
			};
			name = Debug;
		};
		60975C5E28E9D7F300241829 /* Release */ = {
			isa = XCBuildConfiguration;
			buildSettings = {
				ASSETCATALOG_COMPILER_APPICON_NAME = AppIcon;
				ASSETCATALOG_COMPILER_GLOBAL_ACCENT_COLOR_NAME = AccentColor;
				CODE_SIGN_STYLE = Automatic;
				CURRENT_PROJECT_VERSION = 1;
				DEVELOPMENT_TEAM = 35FRDMCSG6;
				GENERATE_INFOPLIST_FILE = YES;
				INFOPLIST_FILE = LogInApp/SupportFiles/Info.plist;
				INFOPLIST_KEY_UIApplicationSupportsIndirectInputEvents = YES;
				INFOPLIST_KEY_UILaunchStoryboardName = LaunchScreen;
				INFOPLIST_KEY_UIMainStoryboardFile = Main;
				INFOPLIST_KEY_UISupportedInterfaceOrientations_iPad = "UIInterfaceOrientationPortrait UIInterfaceOrientationPortraitUpsideDown UIInterfaceOrientationLandscapeLeft UIInterfaceOrientationLandscapeRight";
				INFOPLIST_KEY_UISupportedInterfaceOrientations_iPhone = "UIInterfaceOrientationPortrait UIInterfaceOrientationLandscapeLeft UIInterfaceOrientationLandscapeRight";
				LD_RUNPATH_SEARCH_PATHS = (
					"$(inherited)",
					"@executable_path/Frameworks",
				);
				MARKETING_VERSION = 1.0;
				PRODUCT_BUNDLE_IDENTIFIER = nikolay.khristolyubov.LogInApp;
				PRODUCT_NAME = "$(TARGET_NAME)";
				SWIFT_EMIT_LOC_STRINGS = YES;
				SWIFT_VERSION = 5.0;
				TARGETED_DEVICE_FAMILY = 1;
			};
			name = Release;
		};
/* End XCBuildConfiguration section */

/* Begin XCConfigurationList section */
		60975C4328E9D7F300241829 /* Build configuration list for PBXProject "LogInApp" */ = {
			isa = XCConfigurationList;
			buildConfigurations = (
				60975C5A28E9D7F300241829 /* Debug */,
				60975C5B28E9D7F300241829 /* Release */,
			);
			defaultConfigurationIsVisible = 0;
			defaultConfigurationName = Release;
		};
		60975C5C28E9D7F300241829 /* Build configuration list for PBXNativeTarget "LogInApp" */ = {
			isa = XCConfigurationList;
			buildConfigurations = (
				60975C5D28E9D7F300241829 /* Debug */,
				60975C5E28E9D7F300241829 /* Release */,
			);
			defaultConfigurationIsVisible = 0;
			defaultConfigurationName = Release;
		};
/* End XCConfigurationList section */
	};
	rootObject = 60975C4028E9D7F300241829 /* Project object */;
}
